// !$*UTF8*$!
{
	archiveVersion = 1;
	classes = {
	};
	objectVersion = 50;
	objects = {

/* Begin PBXBuildFile section */
		A99297E323F2089700EC5EDB /* AppDelegate.swift in Sources */ = {isa = PBXBuildFile; fileRef = A99297E223F2089700EC5EDB /* AppDelegate.swift */; };
		A99297E523F2089700EC5EDB /* SceneDelegate.swift in Sources */ = {isa = PBXBuildFile; fileRef = A99297E423F2089700EC5EDB /* SceneDelegate.swift */; };
		A99297E723F2089700EC5EDB /* ViewController.swift in Sources */ = {isa = PBXBuildFile; fileRef = A99297E623F2089700EC5EDB /* ViewController.swift */; };
		A99297EA23F2089700EC5EDB /* Main.storyboard in Resources */ = {isa = PBXBuildFile; fileRef = A99297E823F2089700EC5EDB /* Main.storyboard */; };
		A99297EC23F2089A00EC5EDB /* Assets.xcassets in Resources */ = {isa = PBXBuildFile; fileRef = A99297EB23F2089A00EC5EDB /* Assets.xcassets */; };
		A99297EF23F2089A00EC5EDB /* LaunchScreen.storyboard in Resources */ = {isa = PBXBuildFile; fileRef = A99297ED23F2089A00EC5EDB /* LaunchScreen.storyboard */; };
/* End PBXBuildFile section */

/* Begin PBXFileReference section */
		A99297DF23F2089700EC5EDB /* ThePadoru.app */ = {isa = PBXFileReference; explicitFileType = wrapper.application; includeInIndex = 0; path = ThePadoru.app; sourceTree = BUILT_PRODUCTS_DIR; };
		A99297E223F2089700EC5EDB /* AppDelegate.swift */ = {isa = PBXFileReference; lastKnownFileType = sourcecode.swift; path = AppDelegate.swift; sourceTree = "<group>"; };
		A99297E423F2089700EC5EDB /* SceneDelegate.swift */ = {isa = PBXFileReference; lastKnownFileType = sourcecode.swift; path = SceneDelegate.swift; sourceTree = "<group>"; };
		A99297E623F2089700EC5EDB /* ViewController.swift */ = {isa = PBXFileReference; lastKnownFileType = sourcecode.swift; path = ViewController.swift; sourceTree = "<group>"; };
		A99297E923F2089700EC5EDB /* Base */ = {isa = PBXFileReference; lastKnownFileType = file.storyboard; name = Base; path = Base.lproj/Main.storyboard; sourceTree = "<group>"; };
		A99297EB23F2089A00EC5EDB /* Assets.xcassets */ = {isa = PBXFileReference; lastKnownFileType = folder.assetcatalog; path = Assets.xcassets; sourceTree = "<group>"; };
		A99297EE23F2089A00EC5EDB /* Base */ = {isa = PBXFileReference; lastKnownFileType = file.storyboard; name = Base; path = Base.lproj/LaunchScreen.storyboard; sourceTree = "<group>"; };
		A99297F023F2089A00EC5EDB /* Info.plist */ = {isa = PBXFileReference; lastKnownFileType = text.plist.xml; path = Info.plist; sourceTree = "<group>"; };
/* End PBXFileReference section */

/* Begin PBXFrameworksBuildPhase section */
		A99297DC23F2089700EC5EDB /* Frameworks */ = {
			isa = PBXFrameworksBuildPhase;
			buildActionMask = 2147483647;
			files = (
			);
			runOnlyForDeploymentPostprocessing = 0;
		};
/* End PBXFrameworksBuildPhase section */

/* Begin PBXGroup section */
		A99297D623F2089700EC5EDB = {
			isa = PBXGroup;
			children = (
				A99297E123F2089700EC5EDB /* ThePadoru */,
				A99297E023F2089700EC5EDB /* Products */,
			);
			sourceTree = "<group>";
		};
		A99297E023F2089700EC5EDB /* Products */ = {
			isa = PBXGroup;
			children = (
				A99297DF23F2089700EC5EDB /* ThePadoru.app */,
			);
			name = Products;
			sourceTree = "<group>";
		};
		A99297E123F2089700EC5EDB /* ThePadoru */ = {
			isa = PBXGroup;
			children = (
				A99297E223F2089700EC5EDB /* AppDelegate.swift */,
				A99297E423F2089700EC5EDB /* SceneDelegate.swift */,
				A99297E623F2089700EC5EDB /* ViewController.swift */,
				A99297E823F2089700EC5EDB /* Main.storyboard */,
				A99297EB23F2089A00EC5EDB /* Assets.xcassets */,
				A99297ED23F2089A00EC5EDB /* LaunchScreen.storyboard */,
				A99297F023F2089A00EC5EDB /* Info.plist */,
			);
			path = ThePadoru;
			sourceTree = "<group>";
		};
/* End PBXGroup section */

/* Begin PBXNativeTarget section */
		A99297DE23F2089700EC5EDB /* ThePadoru */ = {
			isa = PBXNativeTarget;
			buildConfigurationList = A99297F323F2089A00EC5EDB /* Build configuration list for PBXNativeTarget "ThePadoru" */;
			buildPhases = (
				A99297DB23F2089700EC5EDB /* Sources */,
				A99297DC23F2089700EC5EDB /* Frameworks */,
				A99297DD23F2089700EC5EDB /* Resources */,
			);
			buildRules = (
			);
			dependencies = (
			);
			name = ThePadoru;
			productName = ThePadoru;
			productReference = A99297DF23F2089700EC5EDB /* ThePadoru.app */;
			productType = "com.apple.product-type.application";
		};
/* End PBXNativeTarget section */

/* Begin PBXProject section */
		A99297D723F2089700EC5EDB /* Project object */ = {
			isa = PBXProject;
			attributes = {
				LastSwiftUpdateCheck = 1130;
				LastUpgradeCheck = 1130;
				ORGANIZATIONNAME = "Seçkin Denli";
				TargetAttributes = {
					A99297DE23F2089700EC5EDB = {
						CreatedOnToolsVersion = 11.3.1;
					};
				};
			};
			buildConfigurationList = A99297DA23F2089700EC5EDB /* Build configuration list for PBXProject "ThePadoru" */;
			compatibilityVersion = "Xcode 9.3";
			developmentRegion = en;
			hasScannedForEncodings = 0;
			knownRegions = (
				en,
				Base,
			);
			mainGroup = A99297D623F2089700EC5EDB;
			productRefGroup = A99297E023F2089700EC5EDB /* Products */;
			projectDirPath = "";
			projectRoot = "";
			targets = (
				A99297DE23F2089700EC5EDB /* ThePadoru */,
			);
		};
/* End PBXProject section */

/* Begin PBXResourcesBuildPhase section */
		A99297DD23F2089700EC5EDB /* Resources */ = {
			isa = PBXResourcesBuildPhase;
			buildActionMask = 2147483647;
			files = (
				A99297EF23F2089A00EC5EDB /* LaunchScreen.storyboard in Resources */,
				A99297EC23F2089A00EC5EDB /* Assets.xcassets in Resources */,
				A99297EA23F2089700EC5EDB /* Main.storyboard in Resources */,
			);
			runOnlyForDeploymentPostprocessing = 0;
		};
/* End PBXResourcesBuildPhase section */

/* Begin PBXSourcesBuildPhase section */
		A99297DB23F2089700EC5EDB /* Sources */ = {
			isa = PBXSourcesBuildPhase;
			buildActionMask = 2147483647;
			files = (
				A99297E723F2089700EC5EDB /* ViewController.swift in Sources */,
				A99297E323F2089700EC5EDB /* AppDelegate.swift in Sources */,
				A99297E523F2089700EC5EDB /* SceneDelegate.swift in Sources */,
			);
			runOnlyForDeploymentPostprocessing = 0;
		};
/* End PBXSourcesBuildPhase section */

/* Begin PBXVariantGroup section */
		A99297E823F2089700EC5EDB /* Main.storyboard */ = {
			isa = PBXVariantGroup;
			children = (
				A99297E923F2089700EC5EDB /* Base */,
			);
			name = Main.storyboard;
			sourceTree = "<group>";
		};
		A99297ED23F2089A00EC5EDB /* LaunchScreen.storyboard */ = {
			isa = PBXVariantGroup;
			children = (
				A99297EE23F2089A00EC5EDB /* Base */,
			);
			name = LaunchScreen.storyboard;
			sourceTree = "<group>";
		};
/* End PBXVariantGroup section */

/* Begin XCBuildConfiguration section */
		A99297F123F2089A00EC5EDB /* Debug */ = {
			isa = XCBuildConfiguration;
			buildSettings = {
				ALWAYS_SEARCH_USER_PATHS = NO;
				CLANG_ANALYZER_NONNULL = YES;
				CLANG_ANALYZER_NUMBER_OBJECT_CONVERSION = YES_AGGRESSIVE;
				CLANG_CXX_LANGUAGE_STANDARD = "gnu++14";
				CLANG_CXX_LIBRARY = "libc++";
				CLANG_ENABLE_MODULES = YES;
				CLANG_ENABLE_OBJC_ARC = YES;
				CLANG_ENABLE_OBJC_WEAK = YES;
				CLANG_WARN_BLOCK_CAPTURE_AUTORELEASING = YES;
				CLANG_WARN_BOOL_CONVERSION = YES;
				CLANG_WARN_COMMA = YES;
				CLANG_WARN_CONSTANT_CONVERSION = YES;
				CLANG_WARN_DEPRECATED_OBJC_IMPLEMENTATIONS = YES;
				CLANG_WARN_DIRECT_OBJC_ISA_USAGE = YES_ERROR;
				CLANG_WARN_DOCUMENTATION_COMMENTS = YES;
				CLANG_WARN_EMPTY_BODY = YES;
				CLANG_WARN_ENUM_CONVERSION = YES;
				CLANG_WARN_INFINITE_RECURSION = YES;
				CLANG_WARN_INT_CONVERSION = YES;
				CLANG_WARN_NON_LITERAL_NULL_CONVERSION = YES;
				CLANG_WARN_OBJC_IMPLICIT_RETAIN_SELF = YES;
				CLANG_WARN_OBJC_LITERAL_CONVERSION = YES;
				CLANG_WARN_OBJC_ROOT_CLASS = YES_ERROR;
				CLANG_WARN_RANGE_LOOP_ANALYSIS = YES;
				CLANG_WARN_STRICT_PROTOTYPES = YES;
				CLANG_WARN_SUSPICIOUS_MOVE = YES;
				CLANG_WARN_UNGUARDED_AVAILABILITY = YES_AGGRESSIVE;
				CLANG_WARN_UNREACHABLE_CODE = YES;
				CLANG_WARN__DUPLICATE_METHOD_MATCH = YES;
				COPY_PHASE_STRIP = NO;
				DEBUG_INFORMATION_FORMAT = dwarf;
				ENABLE_STRICT_OBJC_MSGSEND = YES;
				ENABLE_TESTABILITY = YES;
				GCC_C_LANGUAGE_STANDARD = gnu11;
				GCC_DYNAMIC_NO_PIC = NO;
				GCC_NO_COMMON_BLOCKS = YES;
				GCC_OPTIMIZATION_LEVEL = 0;
				GCC_PREPROCESSOR_DEFINITIONS = (
					"DEBUG=1",
					"$(inherited)",
				);
				GCC_WARN_64_TO_32_BIT_CONVERSION = YES;
				GCC_WARN_ABOUT_RETURN_TYPE = YES_ERROR;
				GCC_WARN_UNDECLARED_SELECTOR = YES;
				GCC_WARN_UNINITIALIZED_AUTOS = YES_AGGRESSIVE;
				GCC_WARN_UNUSED_FUNCTION = YES;
				GCC_WARN_UNUSED_VARIABLE = YES;
				IPHONEOS_DEPLOYMENT_TARGET = 13.2;
				MTL_ENABLE_DEBUG_INFO = INCLUDE_SOURCE;
				MTL_FAST_MATH = YES;
				ONLY_ACTIVE_ARCH = YES;
				SDKROOT = iphoneos;
				SWIFT_ACTIVE_COMPILATION_CONDITIONS = DEBUG;
				SWIFT_OPTIMIZATION_LEVEL = "-Onone";
			};
			name = Debug;
		};
		A99297F223F2089A00EC5EDB /* Release */ = {
			isa = XCBuildConfiguration;
			buildSettings = {
				ALWAYS_SEARCH_USER_PATHS = NO;
				CLANG_ANALYZER_NONNULL = YES;
				CLANG_ANALYZER_NUMBER_OBJECT_CONVERSION = YES_AGGRESSIVE;
				CLANG_CXX_LANGUAGE_STANDARD = "gnu++14";
				CLANG_CXX_LIBRARY = "libc++";
				CLANG_ENABLE_MODULES = YES;
				CLANG_ENABLE_OBJC_ARC = YES;
				CLANG_ENABLE_OBJC_WEAK = YES;
				CLANG_WARN_BLOCK_CAPTURE_AUTORELEASING = YES;
				CLANG_WARN_BOOL_CONVERSION = YES;
				CLANG_WARN_COMMA = YES;
				CLANG_WARN_CONSTANT_CONVERSION = YES;
				CLANG_WARN_DEPRECATED_OBJC_IMPLEMENTATIONS = YES;
				CLANG_WARN_DIRECT_OBJC_ISA_USAGE = YES_ERROR;
				CLANG_WARN_DOCUMENTATION_COMMENTS = YES;
				CLANG_WARN_EMPTY_BODY = YES;
				CLANG_WARN_ENUM_CONVERSION = YES;
				CLANG_WARN_INFINITE_RECURSION = YES;
				CLANG_WARN_INT_CONVERSION = YES;
				CLANG_WARN_NON_LITERAL_NULL_CONVERSION = YES;
				CLANG_WARN_OBJC_IMPLICIT_RETAIN_SELF = YES;
				CLANG_WARN_OBJC_LITERAL_CONVERSION = YES;
				CLANG_WARN_OBJC_ROOT_CLASS = YES_ERROR;
				CLANG_WARN_RANGE_LOOP_ANALYSIS = YES;
				CLANG_WARN_STRICT_PROTOTYPES = YES;
				CLANG_WARN_SUSPICIOUS_MOVE = YES;
				CLANG_WARN_UNGUARDED_AVAILABILITY = YES_AGGRESSIVE;
				CLANG_WARN_UNREACHABLE_CODE = YES;
				CLANG_WARN__DUPLICATE_METHOD_MATCH = YES;
				COPY_PHASE_STRIP = NO;
				DEBUG_INFORMATION_FORMAT = "dwarf-with-dsym";
				ENABLE_NS_ASSERTIONS = NO;
				ENABLE_STRICT_OBJC_MSGSEND = YES;
				GCC_C_LANGUAGE_STANDARD = gnu11;
				GCC_NO_COMMON_BLOCKS = YES;
				GCC_WARN_64_TO_32_BIT_CONVERSION = YES;
				GCC_WARN_ABOUT_RETURN_TYPE = YES_ERROR;
				GCC_WARN_UNDECLARED_SELECTOR = YES;
				GCC_WARN_UNINITIALIZED_AUTOS = YES_AGGRESSIVE;
				GCC_WARN_UNUSED_FUNCTION = YES;
				GCC_WARN_UNUSED_VARIABLE = YES;
				IPHONEOS_DEPLOYMENT_TARGET = 13.2;
				MTL_ENABLE_DEBUG_INFO = NO;
				MTL_FAST_MATH = YES;
				SDKROOT = iphoneos;
				SWIFT_COMPILATION_MODE = wholemodule;
				SWIFT_OPTIMIZATION_LEVEL = "-O";
				VALIDATE_PRODUCT = YES;
			};
			name = Release;
		};
		A99297F423F2089A00EC5EDB /* Debug */ = {
			isa = XCBuildConfiguration;
			buildSettings = {
				ASSETCATALOG_COMPILER_APPICON_NAME = AppIcon;
				CODE_SIGN_STYLE = Automatic;
				DEVELOPMENT_TEAM = DRGF44FW4B;
				INFOPLIST_FILE = ThePadoru/Info.plist;
				LD_RUNPATH_SEARCH_PATHS = (
					"$(inherited)",
					"@executable_path/Frameworks",
				);
				PRODUCT_BUNDLE_IDENTIFIER = seco.ThePadoru;
				PRODUCT_NAME = "$(TARGET_NAME)";
				SWIFT_VERSION = 5.0;
				TARGETED_DEVICE_FAMILY = "1,2";
			};
			name = Debug;
		};
		A99297F523F2089A00EC5EDB /* Release */ = {
			isa = XCBuildConfiguration;
			buildSettings = {
				ASSETCATALOG_COMPILER_APPICON_NAME = AppIcon;
				CODE_SIGN_STYLE = Automatic;
				DEVELOPMENT_TEAM = DRGF44FW4B;
				INFOPLIST_FILE = ThePadoru/Info.plist;
				LD_RUNPATH_SEARCH_PATHS = (
					"$(inherited)",
					"@executable_path/Frameworks",
				);
				PRODUCT_BUNDLE_IDENTIFIER = seco.ThePadoru;
				PRODUCT_NAME = "$(TARGET_NAME)";
				SWIFT_VERSION = 5.0;
				TARGETED_DEVICE_FAMILY = "1,2";
			};
			name = Release;
		};
/* End XCBuildConfiguration section */

/* Begin XCConfigurationList section */
		A99297DA23F2089700EC5EDB /* Build configuration list for PBXProject "ThePadoru" */ = {
			isa = XCConfigurationList;
			buildConfigurations = (
				A99297F123F2089A00EC5EDB /* Debug */,
				A99297F223F2089A00EC5EDB /* Release */,
			);
			defaultConfigurationIsVisible = 0;
			defaultConfigurationName = Release;
		};
		A99297F323F2089A00EC5EDB /* Build configuration list for PBXNativeTarget "ThePadoru" */ = {
			isa = XCConfigurationList;
			buildConfigurations = (
				A99297F423F2089A00EC5EDB /* Debug */,
				A99297F523F2089A00EC5EDB /* Release */,
			);
			defaultConfigurationIsVisible = 0;
			defaultConfigurationName = Release;
		};
/* End XCConfigurationList section */
	};
	rootObject = A99297D723F2089700EC5EDB /* Project object */;
}
